<?xml version="1.0" encoding="utf-8"?>
<Project ToolsVersion="4.0" xmlns="http://schemas.microsoft.com/developer/msbuild/2003">
  <ItemGroup>
    <ClCompile Include="main.cpp" />
    <ClCompile Include="Algorithm.cpp">
      <Filter>Algorithm</Filter>
    </ClCompile>
    <ClCompile Include="Data.cpp">
      <Filter>Data</Filter>
    </ClCompile>
    <ClCompile Include="Esp.cpp">
      <Filter>esp</Filter>
    </ClCompile>
    <ClCompile Include="Aimbot.cpp">
      <Filter>aimbot</Filter>
    </ClCompile>
    <ClCompile Include="DX11.cpp">
      <Filter>DX11</Filter>
    </ClCompile>
    <ClCompile Include="DX11Window.cpp">
      <Filter>DX11</Filter>
    </ClCompile>
    <ClCompile Include="Global.cpp">
      <Filter>globel</Filter>
    </ClCompile>
    <ClCompile Include="Driver.cpp">
      <Filter>driver</Filter>
    </ClCompile>
    <ClCompile Include="imgui-docking\imgui.cpp">
      <Filter>imgui</Filter>
    </ClCompile>
    <ClCompile Include="imgui-docking\imgui_demo.cpp">
      <Filter>imgui</Filter>
    </ClCompile>
    <ClCompile Include="imgui-docking\imgui_draw.cpp">
      <Filter>imgui</Filter>
    </ClCompile>
    <ClCompile Include="imgui-docking\imgui_impl_dx11.cpp">
      <Filter>imgui</Filter>
    </ClCompile>
    <ClCompile Include="imgui-docking\imgui_impl_win32.cpp">
      <Filter>imgui</Filter>
    </ClCompile>
    <ClCompile Include="imgui-docking\imgui_tables.cpp">
      <Filter>imgui</Filter>
    </ClCompile>
    <ClCompile Include="imgui-docking\imgui_widgets.cpp">
      <Filter>imgui</Filter>
    </ClCompile>
    <ClCompile Include="Setting.cpp">
      <Filter>settings</Filter>
    </ClCompile>
    <ClCompile Include="Memory.cpp">
      <Filter>memory</Filter>
    </ClCompile>
    <ClCompile Include="Utility.cpp">
      <Filter>utility</Filter>
    </ClCompile>
    <ClCompile Include="utf.c">
      <Filter>esp</Filter>
    </ClCompile>
    <ClCompile Include="Discord.cpp">
      <Filter>Discord</Filter>
    </ClCompile>
    <ClCompile Include="hrdwr.cpp" />
    <ClCompile Include="Discord SDK\src\connection_unix.cpp">
      <Filter>Discord SDK</Filter>
    </ClCompile>
    <ClCompile Include="Discord SDK\src\connection_win.cpp">
      <Filter>Discord SDK</Filter>
    </ClCompile>
    <ClCompile Include="Discord SDK\src\discord_register_linux.cpp">
      <Filter>Discord SDK</Filter>
    </ClCompile>
    <ClCompile Include="Discord SDK\src\discord_register_win.cpp">
      <Filter>Discord SDK</Filter>
    </ClCompile>
    <ClCompile Include="Discord SDK\src\discord_rpc.cpp">
      <Filter>Discord SDK</Filter>
    </ClCompile>
    <ClCompile Include="Discord SDK\src\dllmain.cpp">
      <Filter>Discord SDK</Filter>
    </ClCompile>
    <ClCompile Include="Discord SDK\src\rpc_connection.cpp">
      <Filter>Discord SDK</Filter>
    </ClCompile>
    <ClCompile Include="Discord SDK\src\serialization.cpp">
      <Filter>Discord SDK</Filter>
    </ClCompile>
    <ClCompile Include="Arabic\FarsiType.cpp">
      <Filter>Arabic</Filter>
    </ClCompile>
    <ClCompile Include="Snowflake.cpp" />
    <ClCompile Include="wwcd\wwcd.cpp">
      <Filter>WWCD</Filter>
    </ClCompile>
  </ItemGroup>
  <ItemGroup>
    <ClInclude Include="SimpleIni.h" />
    <ClInclude Include="Includes.h" />
    <ClInclude Include="Offset.h" />
    <ClInclude Include="Algorithm.h">
      <Filter>Algorithm</Filter>
    </ClInclude>
    <ClInclude Include="Data.h">
      <Filter>Data</Filter>
    </ClInclude>
    <ClInclude Include="Esp.h">
      <Filter>esp</Filter>
    </ClInclude>
    <ClInclude Include="Aimbot.h">
      <Filter>aimbot</Filter>
    </ClInclude>
    <ClInclude Include="DX11.h">
      <Filter>DX11</Filter>
    </ClInclude>
    <ClInclude Include="DX11Window.h">
      <Filter>DX11</Filter>
    </ClInclude>
    <ClInclude Include="Global.h">
      <Filter>globel</Filter>
    </ClInclude>
    <ClInclude Include="Driver.h">
      <Filter>driver</Filter>
    </ClInclude>
    <ClInclude Include="font.h">
      <Filter>font</Filter>
    </ClInclude>
    <ClInclude Include="icon.h">
      <Filter>font</Filter>
    </ClInclude>
    <ClInclude Include="iconcpp.h">
      <Filter>font</Filter>
    </ClInclude>
    <ClInclude Include="imgui-docking\imconfig.h">
      <Filter>imgui</Filter>
    </ClInclude>
    <ClInclude Include="imconfig.h">
      <Filter>imgui</Filter>
    </ClInclude>
    <ClInclude Include="imgui-docking\imgui.h">
      <Filter>imgui</Filter>
    </ClInclude>
    <ClInclude Include="imgui-docking\imgui_impl_dx11.h">
      <Filter>imgui</Filter>
    </ClInclude>
    <ClInclude Include="imgui-docking\imgui_impl_win32.h">
      <Filter>imgui</Filter>
    </ClInclude>
    <ClInclude Include="imgui-docking\imgui_internal.h">
      <Filter>imgui</Filter>
    </ClInclude>
    <ClInclude Include="imgui-docking\imstb_rectpack.h">
      <Filter>imgui</Filter>
    </ClInclude>
    <ClInclude Include="imgui-docking\imstb_textedit.h">
      <Filter>imgui</Filter>
    </ClInclude>
    <ClInclude Include="imgui-docking\imstb_truetype.h">
      <Filter>imgui</Filter>
    </ClInclude>
    <ClInclude Include="Setting.h">
      <Filter>settings</Filter>
    </ClInclude>
    <ClInclude Include="Memory.h">
      <Filter>memory</Filter>
    </ClInclude>
    <ClInclude Include="loadDrv.h">
      <Filter>driver</Filter>
    </ClInclude>
    <ClInclude Include="Utility.h">
      <Filter>utility</Filter>
    </ClInclude>
    <ClInclude Include="stb_image.h" />
    <ClInclude Include="imguipp.h" />
    <ClInclude Include="Unicode.h" />
    <ClInclude Include="utf.h">
      <Filter>esp</Filter>
    </ClInclude>
    <ClInclude Include="logo.h">
      <Filter>DX11</Filter>
    </ClInclude>
    <ClInclude Include="heart.h">
      <Filter>DX11</Filter>
    </ClInclude>
    <ClInclude Include="resource.h" />
    <ClInclude Include="Discord.h">
      <Filter>Discord</Filter>
    </ClInclude>
    <ClInclude Include="xorstr.hpp" />
    <ClInclude Include="api\Swifty.hpp">
      <Filter>api</Filter>
    </ClInclude>
    <ClInclude Include="api\Swifty_hor.hpp">
      <Filter>api</Filter>
    </ClInclude>
    <ClInclude Include="api\KeyAuth.hpp">
      <Filter>api</Filter>
    </ClInclude>
    <ClInclude Include="api\xor.h">
      <Filter>api</Filter>
    </ClInclude>
    <ClInclude Include="termcolor.hpp" />
    <ClInclude Include="hrdwr.h" />
    <ClInclude Include="Discord SDK\include\discord_register.h">
      <Filter>Discord SDK</Filter>
    </ClInclude>
    <ClInclude Include="Discord SDK\include\discord_rpc.h">
      <Filter>Discord SDK</Filter>
    </ClInclude>
    <ClInclude Include="Discord SDK\src\backoff.h">
      <Filter>Discord SDK</Filter>
    </ClInclude>
    <ClInclude Include="Discord SDK\src\connection.h">
      <Filter>Discord SDK</Filter>
    </ClInclude>
    <ClInclude Include="Discord SDK\src\msg_queue.h">
      <Filter>Discord SDK</Filter>
    </ClInclude>
    <ClInclude Include="Discord SDK\src\rpc_connection.h">
      <Filter>Discord SDK</Filter>
    </ClInclude>
    <ClInclude Include="Discord SDK\src\serialization.h">
      <Filter>Discord SDK</Filter>
    </ClInclude>
    <ClInclude Include="Arabic\FarsiType.h">
      <Filter>Arabic</Filter>
    </ClInclude>
    <ClInclude Include="Snowflake.hpp" />
    <ClInclude Include="MenuStrings.h">
      <Filter>esp</Filter>
    </ClInclude>
    <ClInclude Include="wwcd\wwcd.h">
      <Filter>WWCD</Filter>
    </ClInclude>
    <ClInclude Include="Notification\fa_solid_900.h">
      <Filter>Notification</Filter>
    </ClInclude>
    <ClInclude Include="Notification\font_awesome_5.h">
      <Filter>Notification</Filter>
    </ClInclude>
    <ClInclude Include="Notification\imgui_notify.h">
      <Filter>Notification</Filter>
    </ClInclude>
    <ClInclude Include="items\AirAttackBomb_C.h">
      <Filter>items</Filter>
    </ClInclude>
    <ClInclude Include="items\Bandage_Pickup_C.h">
      <Filter>items</Filter>
    </ClInclude>
    <ClInclude Include="items\BP_AirDropBox_New_C.h">
      <Filter>items</Filter>
    </ClInclude>
    <ClInclude Include="items\BP_Ammo_9mm_Pickup_C.h">
      <Filter>items</Filter>
    </ClInclude>
    <ClInclude Include="items\BP_Ammo_12Guage_Pickup_C.h">
      <Filter>items</Filter>
    </ClInclude>
    <ClInclude Include="items\BP_Ammo_45ACP_Pickup_C.h">
      <Filter>items</Filter>
    </ClInclude>
    <ClInclude Include="items\BP_Ammo_300Magnum_Pickup_C.h">
      <Filter>items</Filter>
    </ClInclude>
    <ClInclude Include="items\BP_Ammo_556mm_Pickup_C.h">
      <Filter>items</Filter>
    </ClInclude>
    <ClInclude Include="items\BP_Ammo_762mm_Pickup_C.h">
      <Filter>items</Filter>
    </ClInclude>
    <ClInclude Include="items\BP_Ammo_Bolt_Pickup_C.h">
      <Filter>items</Filter>
    </ClInclude>
    <ClInclude Include="items\BP_Ammo_Flare_Pickup_C.h">
      <Filter>items</Filter>
    </ClInclude>
    <ClInclude Include="items\BP_DJ_Large_E_Pickup_C.h">
      <Filter>items</Filter>
    </ClInclude>
    <ClInclude Include="items\BP_DJ_Large_EQ_Pickup_C.h">
      <Filter>items</Filter>
    </ClInclude>
    <ClInclude Include="items\BP_DJ_Large_Q_Pickup_C.h">
      <Filter>items</Filter>
    </ClInclude>
    <ClInclude Include="items\BP_DJ_Mid_E_Pickup_C.h">
      <Filter>items</Filter>
    </ClInclude>
    <ClInclude Include="items\BP_DJ_Mid_EQ_Pickup_C.h">
      <Filter>items</Filter>
    </ClInclude>
    <ClInclude Include="items\BP_DJ_Mid_Q_Pickup_C.h">
      <Filter>items</Filter>
    </ClInclude>
    <ClInclude Include="items\BP_DJ_Sniper_E_Pickup_C.h">
      <Filter>items</Filter>
    </ClInclude>
    <ClInclude Include="items\BP_DJ_Sniper_EQ_Pickup_C.h">
      <Filter>items</Filter>
    </ClInclude>
    <ClInclude Include="items\BP_DJ_Sniper_Q_Pickup_C.h">
      <Filter>items</Filter>
    </ClInclude>
    <ClInclude Include="items\BP_Grenade_Apple_Weapon_Wrapper_C.h">
      <Filter>items</Filter>
    </ClInclude>
    <ClInclude Include="items\BP_Grenade_Burn_Weapon_Wrapper_C.h">
      <Filter>items</Filter>
    </ClInclude>
    <ClInclude Include="items\BP_Grenade_Shoulei_Weapon_Wrapper_C.h">
      <Filter>items</Filter>
    </ClInclude>
    <ClInclude Include="items\BP_Grenade_Smoke_Weapon_Wrapper_C.h">
      <Filter>items</Filter>
    </ClInclude>
    <ClInclude Include="items\BP_MachineGun_MP5K_Wrapper_C.h">
      <Filter>items</Filter>
    </ClInclude>
    <ClInclude Include="items\BP_MachineGun_PP19_Wrapper_C.h">
      <Filter>items</Filter>
    </ClInclude>
    <ClInclude Include="items\BP_MachineGun_TommyGun_Wrapper_C.h">
      <Filter>items</Filter>
    </ClInclude>
    <ClInclude Include="items\BP_MachineGun_UMP9_Wrapper_C.h">
      <Filter>items</Filter>
    </ClInclude>
    <ClInclude Include="items\BP_MachineGun_Uzi_Wrapper_C.h">
      <Filter>items</Filter>
    </ClInclude>
    <ClInclude Include="items\BP_MachineGun_Vector_Wrapper_C.h">
      <Filter>items</Filter>
    </ClInclude>
    <ClInclude Include="items\BP_MZJ_2X_Pickup_C.h">
      <Filter>items</Filter>
    </ClInclude>
    <ClInclude Include="items\BP_MZJ_3X_Pickup_C.h">
      <Filter>items</Filter>
    </ClInclude>
    <ClInclude Include="items\BP_MZJ_4X_Pickup_C.h">
      <Filter>items</Filter>
    </ClInclude>
    <ClInclude Include="items\BP_MZJ_6X_Pickup_C.h">
      <Filter>items</Filter>
    </ClInclude>
    <ClInclude Include="items\BP_MZJ_8X_Pickup_C.h">
      <Filter>items</Filter>
    </ClInclude>
    <ClInclude Include="items\BP_MZJ_HD_Pickup_C.h">
      <Filter>items</Filter>
    </ClInclude>
    <ClInclude Include="items\BP_MZJ_QX_Pickup_C.h">
      <Filter>items</Filter>
    </ClInclude>
    <ClInclude Include="items\BP_Other_CrossBow_Wrapper_C.h">
      <Filter>items</Filter>
    </ClInclude>
    <ClInclude Include="items\BP_Other_DP28_Wrapper_C.h">
      <Filter>items</Filter>
    </ClInclude>
    <ClInclude Include="items\BP_Other_M249_Wrapper_C.h">
      <Filter>items</Filter>
    </ClInclude>
    <ClInclude Include="items\BP_Pistol_DesertEagle_Wrapper_C.h">
      <Filter>items</Filter>
    </ClInclude>
    <ClInclude Include="items\BP_Pistol_Flaregun_Wrapper_C.h">
      <Filter>items</Filter>
    </ClInclude>
    <ClInclude Include="items\BP_Pistol_P18C_Wrapper_C.h">
      <Filter>items</Filter>
    </ClInclude>
    <ClInclude Include="items\BP_Pistol_P92_Wrapper_C.h">
      <Filter>items</Filter>
    </ClInclude>
    <ClInclude Include="items\BP_Pistol_P1911_Wrapper_C.h">
      <Filter>items</Filter>
    </ClInclude>
    <ClInclude Include="items\BP_Pistol_R45_Wrapper_C.h">
      <Filter>items</Filter>
    </ClInclude>
    <ClInclude Include="items\BP_Pistol_R1895_Wrapper_C.h">
      <Filter>items</Filter>
    </ClInclude>
    <ClInclude Include="items\BP_Pistol_Vz61_Wrapper_C.h">
      <Filter>items</Filter>
    </ClInclude>
    <ClInclude Include="items\BP_QK_Choke_Pickup_C.h">
      <Filter>items</Filter>
    </ClInclude>
    <ClInclude Include="items\BP_QK_DuckBill_Pickup_C.h">
      <Filter>items</Filter>
    </ClInclude>
    <ClInclude Include="items\BP_QK_Large_Compensator_Pickup_C.h">
      <Filter>items</Filter>
    </ClInclude>
    <ClInclude Include="items\BP_QK_Large_FlashHider_Pickup_C.h">
      <Filter>items</Filter>
    </ClInclude>
    <ClInclude Include="items\BP_QK_Large_Suppressor_Pickup_C.h">
      <Filter>items</Filter>
    </ClInclude>
    <ClInclude Include="items\BP_QK_Mid_Compensator_Pickup_C.h">
      <Filter>items</Filter>
    </ClInclude>
    <ClInclude Include="items\BP_QK_Mid_FlashHider_Pickup_C.h">
      <Filter>items</Filter>
    </ClInclude>
    <ClInclude Include="items\BP_QK_Mid_Suppressor_Pickup_C.h">
      <Filter>items</Filter>
    </ClInclude>
    <ClInclude Include="items\BP_QK_Sniper_Compensator_Pickup_C.h">
      <Filter>items</Filter>
    </ClInclude>
    <ClInclude Include="items\BP_QK_Sniper_FlashHider_Pickup_C.h">
      <Filter>items</Filter>
    </ClInclude>
    <ClInclude Include="items\BP_QK_Sniper_Suppressor_Pickup_C.h">
      <Filter>items</Filter>
    </ClInclude>
    <ClInclude Include="items\BP_QT_A_Pickup_C.h">
      <Filter>items</Filter>
    </ClInclude>
    <ClInclude Include="items\BP_QT_Sniper_Pickup_C.h">
      <Filter>items</Filter>
    </ClInclude>
    <ClInclude Include="items\BP_QT_UZI_Pickup_C.h">
      <Filter>items</Filter>
    </ClInclude>
    <ClInclude Include="items\BP_Rifle_AKM_Wrapper_C.h">
      <Filter>items</Filter>
    </ClInclude>
    <ClInclude Include="items\BP_Rifle_AUG_Wrapper_C.h">
      <Filter>items</Filter>
    </ClInclude>
    <ClInclude Include="items\BP_Rifle_G36_Wrapper_C.h">
      <Filter>items</Filter>
    </ClInclude>
    <ClInclude Include="items\BP_Rifle_Groza_Wrapper_C.h">
      <Filter>items</Filter>
    </ClInclude>
    <ClInclude Include="items\BP_Rifle_M16A4_Wrapper_C.h">
      <Filter>items</Filter>
    </ClInclude>
    <ClInclude Include="items\BP_Rifle_M416_Wrapper_C.h">
      <Filter>items</Filter>
    </ClInclude>
    <ClInclude Include="items\BP_Rifle_M762_Wrapper_C.h">
      <Filter>items</Filter>
    </ClInclude>
    <ClInclude Include="items\BP_Rifle_Mk47_Wrapper_C.h">
      <Filter>items</Filter>
    </ClInclude>
    <ClInclude Include="items\BP_Rifle_QBZ_Wrapper_C.h">
      <Filter>items</Filter>
    </ClInclude>
    <ClInclude Include="items\BP_Rifle_SCAR_Wrapper_C.h">
      <Filter>items</Filter>
    </ClInclude>
    <ClInclude Include="items\BP_ShotGun_DP12_Wrapper_C.h">
      <Filter>items</Filter>
    </ClInclude>
    <ClInclude Include="items\BP_ShotGun_S12K_Wrapper_C.h">
      <Filter>items</Filter>
    </ClInclude>
    <ClInclude Include="items\BP_ShotGun_S686_Wrapper_C.h">
      <Filter>items</Filter>
    </ClInclude>
    <ClInclude Include="items\BP_ShotGun_S1897_Wrapper_C.h">
      <Filter>items</Filter>
    </ClInclude>
    <ClInclude Include="items\BP_ShotGun_SawedOff_Wrapper_C.h">
      <Filter>items</Filter>
    </ClInclude>
    <ClInclude Include="items\BP_Sniper_AWM_Wrapper_C.h">
      <Filter>items</Filter>
    </ClInclude>
    <ClInclude Include="items\BP_Sniper_Kar98k_Wrapper_C.h">
      <Filter>items</Filter>
    </ClInclude>
    <ClInclude Include="items\BP_Sniper_M24_Wrapper_C.h">
      <Filter>items</Filter>
    </ClInclude>
    <ClInclude Include="items\BP_Sniper_Mini14_Wrapper_C.h">
      <Filter>items</Filter>
    </ClInclude>
    <ClInclude Include="items\BP_Sniper_QBU_Wrapper_C.h">
      <Filter>items</Filter>
    </ClInclude>
    <ClInclude Include="items\BP_Sniper_SKS_Wrapper_C.h">
      <Filter>items</Filter>
    </ClInclude>
    <ClInclude Include="items\BP_Sniper_SLR_Wrapper_C.h">
      <Filter>items</Filter>
    </ClInclude>
    <ClInclude Include="items\BP_Sniper_VSS_Wrapper_C.h">
      <Filter>items</Filter>
    </ClInclude>
    <ClInclude Include="items\BP_Sniper_Win94_Wrapper_C.h">
      <Filter>items</Filter>
    </ClInclude>
    <ClInclude Include="items\BP_WB_Angled_Pickup_C.h">
      <Filter>items</Filter>
    </ClInclude>
    <ClInclude Include="items\BP_WB_HalfGrip_Pickup_C.h">
      <Filter>items</Filter>
    </ClInclude>
    <ClInclude Include="items\BP_WB_Lasersight_Pickup_C.h">
      <Filter>items</Filter>
    </ClInclude>
    <ClInclude Include="items\BP_WB_LightGrip_Pickup_C.h">
      <Filter>items</Filter>
    </ClInclude>
    <ClInclude Include="items\BP_WB_ThumbGrip_Pickup_C.h">
      <Filter>items</Filter>
    </ClInclude>
    <ClInclude Include="items\BP_WB_Vertical_Pickup_C.h">
      <Filter>items</Filter>
    </ClInclude>
    <ClInclude Include="items\BP_WEP_Cowbar_Pickup_C.h">
      <Filter>items</Filter>
    </ClInclude>
    <ClInclude Include="items\BP_WEP_Machete_Pickup_C.h">
      <Filter>items</Filter>
    </ClInclude>
    <ClInclude Include="items\BP_WEP_Mk14_Pickup_C.h">
      <Filter>items</Filter>
    </ClInclude>
    <ClInclude Include="items\BP_WEP_Pan_Pickup_C.h">
      <Filter>items</Filter>
    </ClInclude>
    <ClInclude Include="items\BP_WEP_Sickle_Pickup_C.h">
      <Filter>items</Filter>
    </ClInclude>
    <ClInclude Include="items\BP_ZDD_Crossbow_Q_Pickup_C.h">
      <Filter>items</Filter>
    </ClInclude>
    <ClInclude Include="items\BP_ZDD_Sniper_Pickup_C.h">
      <Filter>items</Filter>
    </ClInclude>
    <ClInclude Include="items\Drink_Pickup_C.h">
      <Filter>items</Filter>
    </ClInclude>
    <ClInclude Include="items\Firstaid_Pickup_C.h">
      <Filter>items</Filter>
    </ClInclude>
    <ClInclude Include="items\FirstAidbox_Pickup_C.h">
      <Filter>items</Filter>
    </ClInclude>
    <ClInclude Include="items\GasCan_Destructible_Pickup_C.h">
      <Filter>items</Filter>
    </ClInclude>
    <ClInclude Include="items\Injection_Pickup_C.h">
      <Filter>items</Filter>
    </ClInclude>
    <ClInclude Include="items\PickUp_BP_Armor_Lv1_C.h">
      <Filter>items</Filter>
    </ClInclude>
    <ClInclude Include="items\PickUp_BP_Armor_Lv2_C.h">
      <Filter>items</Filter>
    </ClInclude>
    <ClInclude Include="items\PickUp_BP_Armor_Lv3_C.h">
      <Filter>items</Filter>
    </ClInclude>
    <ClInclude Include="items\PickUp_BP_Bag_Lv1_C.h">
      <Filter>items</Filter>
    </ClInclude>
    <ClInclude Include="items\PickUp_BP_Bag_Lv2_C.h">
      <Filter>items</Filter>
    </ClInclude>
    <ClInclude Include="items\PickUp_BP_Bag_Lv3_C.h">
      <Filter>items</Filter>
    </ClInclude>
    <ClInclude Include="items\PickUp_BP_Ghillie_1_C.h">
      <Filter>items</Filter>
    </ClInclude>
    <ClInclude Include="items\PickUp_BP_Ghillie_2_C.h">
      <Filter>items</Filter>
    </ClInclude>
    <ClInclude Include="items\PickUp_BP_Ghillie_3_C.h">
      <Filter>items</Filter>
    </ClInclude>
    <ClInclude Include="items\PickUp_BP_Ghillie_4_C.h">
      <Filter>items</Filter>
    </ClInclude>
    <ClInclude Include="items\PickUp_BP_Helmet_Lv1_C.h">
      <Filter>items</Filter>
    </ClInclude>
    <ClInclude Include="items\PickUp_BP_Helmet_Lv2_C.h">
      <Filter>items</Filter>
    </ClInclude>
    <ClInclude Include="items\PickUp_BP_Helmet_Lv3_C.h">
      <Filter>items</Filter>
    </ClInclude>
    <ClInclude Include="items\Pills_Pickup_C.h">
      <Filter>items</Filter>
    </ClInclude>
    <ClInclude Include="items\PlayerDeadBox_C.h">
      <Filter>items</Filter>
    </ClInclude>
    <ClInclude Include="PlayersWeapons\Hand1.h">
      <Filter>Players Weapons</Filter>
    </ClInclude>
    <ClInclude Include="PlayersWeapons\Hand2.h">
      <Filter>Players Weapons</Filter>
    </ClInclude>
    <ClInclude Include="PlayersWeapons\Hand3.h">
      <Filter>Players Weapons</Filter>
    </ClInclude>
    <ClInclude Include="PlayersWeapons\Hand4.h">
      <Filter>Players Weapons</Filter>
    </ClInclude>
    <ClInclude Include="PlayersWeapons\Hand5.h">
      <Filter>Players Weapons</Filter>
    </ClInclude>
    <ClInclude Include="PlayersWeapons\Hand6.h">
      <Filter>Players Weapons</Filter>
    </ClInclude>
    <ClInclude Include="PlayersWeapons\Hand7.h">
      <Filter>Players Weapons</Filter>
    </ClInclude>
    <ClInclude Include="PlayersWeapons\Hand8.h">
      <Filter>Players Weapons</Filter>
    </ClInclude>
    <ClInclude Include="PlayersWeapons\Hand9.h">
      <Filter>Players Weapons</Filter>
    </ClInclude>
    <ClInclude Include="PlayersWeapons\Hand10.h">
      <Filter>Players Weapons</Filter>
    </ClInclude>
    <ClInclude Include="PlayersWeapons\Hand11.h">
      <Filter>Players Weapons</Filter>
    </ClInclude>
    <ClInclude Include="PlayersWeapons\Hand12.h">
      <Filter>Players Weapons</Filter>
    </ClInclude>
    <ClInclude Include="PlayersWeapons\Hand13.h">
      <Filter>Players Weapons</Filter>
    </ClInclude>
    <ClInclude Include="PlayersWeapons\Hand14.h">
      <Filter>Players Weapons</Filter>
    </ClInclude>
    <ClInclude Include="PlayersWeapons\Hand15.h">
      <Filter>Players Weapons</Filter>
    </ClInclude>
    <ClInclude Include="PlayersWeapons\Hand16.h">
      <Filter>Players Weapons</Filter>
    </ClInclude>
    <ClInclude Include="PlayersWeapons\Hand17.h">
      <Filter>Players Weapons</Filter>
    </ClInclude>
    <ClInclude Include="PlayersWeapons\Hand18.h">
      <Filter>Players Weapons</Filter>
    </ClInclude>
    <ClInclude Include="PlayersWeapons\Hand19.h">
      <Filter>Players Weapons</Filter>
    </ClInclude>
    <ClInclude Include="PlayersWeapons\Hand20.h">
      <Filter>Players Weapons</Filter>
    </ClInclude>
    <ClInclude Include="PlayersWeapons\Hand21.h">
      <Filter>Players Weapons</Filter>
    </ClInclude>
    <ClInclude Include="PlayersWeapons\Hand22.h">
      <Filter>Players Weapons</Filter>
    </ClInclude>
    <ClInclude Include="PlayersWeapons\Hand23.h">
      <Filter>Players Weapons</Filter>
    </ClInclude>
    <ClInclude Include="PlayersWeapons\Hand24.h">
      <Filter>Players Weapons</Filter>
    </ClInclude>
    <ClInclude Include="PlayersWeapons\Hand25.h">
      <Filter>Players Weapons</Filter>
    </ClInclude>
    <ClInclude Include="PlayersWeapons\Hand26.h">
      <Filter>Players Weapons</Filter>
    </ClInclude>
    <ClInclude Include="PlayersWeapons\Hand27.h">
      <Filter>Players Weapons</Filter>
    </ClInclude>
    <ClInclude Include="PlayersWeapons\Hand28.h">
      <Filter>Players Weapons</Filter>
    </ClInclude>
    <ClInclude Include="PlayersWeapons\Hand29.h">
      <Filter>Players Weapons</Filter>
    </ClInclude>
    <ClInclude Include="PlayersWeapons\Hand30.h">
      <Filter>Players Weapons</Filter>
    </ClInclude>
    <ClInclude Include="PlayersWeapons\Hand31.h">
      <Filter>Players Weapons</Filter>
    </ClInclude>
    <ClInclude Include="PlayersWeapons\Hand32.h">
      <Filter>Players Weapons</Filter>
    </ClInclude>
    <ClInclude Include="PlayersWeapons\Hand33.h">
      <Filter>Players Weapons</Filter>
    </ClInclude>
    <ClInclude Include="PlayersWeapons\Hand34.h">
      <Filter>Players Weapons</Filter>
    </ClInclude>
    <ClInclude Include="PlayersWeapons\Hand35.h">
      <Filter>Players Weapons</Filter>
    </ClInclude>
    <ClInclude Include="PlayersWeapons\Hand36.h">
      <Filter>Players Weapons</Filter>
    </ClInclude>
    <ClInclude Include="PlayersWeapons\Hand37.h">
      <Filter>Players Weapons</Filter>
    </ClInclude>
    <ClInclude Include="PlayersWeapons\Hand38.h">
      <Filter>Players Weapons</Filter>
    </ClInclude>
    <ClInclude Include="PlayersWeapons\Hand39.h">
      <Filter>Players Weapons</Filter>
    </ClInclude>
    <ClInclude Include="PlayersWeapons\Hand40.h">
      <Filter>Players Weapons</Filter>
    </ClInclude>
    <ClInclude Include="PlayersWeapons\Hand41.h">
      <Filter>Players Weapons</Filter>
    </ClInclude>
    <ClInclude Include="PlayersWeapons\Hand42.h">
      <Filter>Players Weapons</Filter>
    </ClInclude>
    <ClInclude Include="PlayersWeapons\Hand43.h">
      <Filter>Players Weapons</Filter>
    </ClInclude>
    <ClInclude Include="PlayersWeapons\Hand44.h">
      <Filter>Players Weapons</Filter>
    </ClInclude>
    <ClInclude Include="PlayersWeapons\Hand45.h">
      <Filter>Players Weapons</Filter>
    </ClInclude>
    <ClInclude Include="PlayersWeapons\Hand46.h">
      <Filter>Players Weapons</Filter>
    </ClInclude>
    <ClInclude Include="PlayersWeapons\Hand47.h">
      <Filter>Players Weapons</Filter>
    </ClInclude>
    <ClInclude Include="PlayersWeapons\Hand48.h">
      <Filter>Players Weapons</Filter>
    </ClInclude>
    <ClInclude Include="PlayersWeapons\Hand49.h">
      <Filter>Players Weapons</Filter>
    </ClInclude>
    <ClInclude Include="PlayersWeapons\Hand50.h">
      <Filter>Players Weapons</Filter>
    </ClInclude>
    <ClInclude Include="PlayersWeapons\Hand51.h">
      <Filter>Players Weapons</Filter>
    </ClInclude>
    <ClInclude Include="PlayersWeapons\Hand52.h">
      <Filter>Players Weapons</Filter>
    </ClInclude>
    <ClInclude Include="PlayersWeapons\Hand53.h">
      <Filter>Players Weapons</Filter>
    </ClInclude>
    <ClInclude Include="PlayersWeapons\Hand54.h">
      <Filter>Players Weapons</Filter>
    </ClInclude>
    <ClInclude Include="PlayersWeapons\Hand55.h">
      <Filter>Players Weapons</Filter>
    </ClInclude>
    <ClInclude Include="PlayersWeapons\Hand56.h">
      <Filter>Players Weapons</Filter>
    </ClInclude>
    <ClInclude Include="PlayersWeapons\Hand57.h">
      <Filter>Players Weapons</Filter>
    </ClInclude>
    <ClInclude Include="Vehicles Icons\Vehicles.h">
      <Filter>Vehicles Icons</Filter>
    </ClInclude>
    <ClInclude Include="items\Item_Weapon_Mk12_C.h">
      <Filter>items</Filter>
    </ClInclude>
    <ClInclude Include="items\Item_Weapon_P90_C.h">
      <Filter>items</Filter>
    </ClInclude>
    <ClInclude Include="PlayersWeapons\Hand58.h">
      <Filter>Players Weapons</Filter>
    </ClInclude>
    <ClInclude Include="PlayersWeapons\Hand59.h">
      <Filter>Players Weapons</Filter>
    </ClInclude>
    <ClInclude Include="PlayersWeapons\Hand60.h">
      <Filter>Players Weapons</Filter>
    </ClInclude>
    <ClInclude Include="items\Dagger.h">
      <Filter>items</Filter>
    </ClInclude>
    <ClInclude Include="items\ZombieBlade.h">
      <Filter>items</Filter>
    </ClInclude>
    <ClInclude Include="items\ZombieHammer.h">
      <Filter>items</Filter>
    </ClInclude>
    <ClInclude Include="TotalEnemy.h" />
    <ClInclude Include="Arabic\Arabic.h">
      <Filter>Arabic</Filter>
    </ClInclude>
  </ItemGroup>
  <ItemGroup>
    <Filter Include="api">
      <UniqueIdentifier>{7131A97B-E4D5-4EF0-8AA6-7DAFDE3D35C5}</UniqueIdentifier>
    </Filter>
    <Filter Include="esp">
      <UniqueIdentifier>{98D1CEA9-F2F4-464F-A17C-13818D94823F}</UniqueIdentifier>
    </Filter>
    <Filter Include="Data">
      <UniqueIdentifier>{68A4EADA-1B2F-4057-B731-A96A6D8AA20C}</UniqueIdentifier>
    </Filter>
    <Filter Include="Algorithm">
      <UniqueIdentifier>{7820322B-0FB6-470B-900B-462249F7346C}</UniqueIdentifier>
    </Filter>
    <Filter Include="aimbot">
      <UniqueIdentifier>{1B6BB613-186B-4CF6-B91E-CE4E3DB46ED6}</UniqueIdentifier>
    </Filter>
    <Filter Include="DX11">
      <UniqueIdentifier>{EE4050C0-30FC-43FB-8935-4FE72FE66E7A}</UniqueIdentifier>
    </Filter>
    <Filter Include="imgui">
      <UniqueIdentifier>{59050F46-26B9-4E54-B8B2-00C3AAF5550D}</UniqueIdentifier>
    </Filter>
    <Filter Include="globel">
      <UniqueIdentifier>{2566ACB9-1A90-4A91-ABB7-D6AA6A4BAB05}</UniqueIdentifier>
    </Filter>
    <Filter Include="font">
      <UniqueIdentifier>{29740C11-023B-40CF-8FE3-B16324C633CD}</UniqueIdentifier>
    </Filter>
    <Filter Include="driver">
      <UniqueIdentifier>{5D3B5B50-1CD6-4AA7-8599-2771C3D0F4D6}</UniqueIdentifier>
    </Filter>
    <Filter Include="settings">
      <UniqueIdentifier>{65D7C0C7-3A8E-4AB0-B091-29BFF52B0932}</UniqueIdentifier>
    </Filter>
    <Filter Include="memory">
      <UniqueIdentifier>{9D220E99-B838-44FD-A9D9-1F23257252A6}</UniqueIdentifier>
    </Filter>
    <Filter Include="utility">
      <UniqueIdentifier>{C5D05AEB-159B-4F3D-A172-0F6149C83139}</UniqueIdentifier>
    </Filter>
    <Filter Include="Discord">
      <UniqueIdentifier>{B816D5D7-5EBC-40D7-A4E4-A2BA1E7113D7}</UniqueIdentifier>
    </Filter>
    <Filter Include="Discord SDK">
      <UniqueIdentifier>{A5C094F8-4962-4F4D-8FE9-C547B809FF6E}</UniqueIdentifier>
    </Filter>
    <Filter Include="Arabic">
      <UniqueIdentifier>{660A00B5-AFDE-4D9D-99B0-41511F0964E4}</UniqueIdentifier>
    </Filter>
    <Filter Include="WWCD">
      <UniqueIdentifier>{101403C9-A082-4D1A-8AF5-7920E05844CA}</UniqueIdentifier>
    </Filter>
    <Filter Include="Notification">
      <UniqueIdentifier>{2CBB40F2-2AEF-4CBD-B8B4-9AF42F1014A2}</UniqueIdentifier>
    </Filter>
    <Filter Include="items">
      <UniqueIdentifier>{25FC802D-7F20-46A4-A943-3720BC198652}</UniqueIdentifier>
    </Filter>
    <Filter Include="Players Weapons">
      <UniqueIdentifier>{71BB1993-422B-4EAD-AAE8-B799672CEFD6}</UniqueIdentifier>
    </Filter>
    <Filter Include="Vehicles Icons">
      <UniqueIdentifier>{310B9513-D28F-4E9F-B0F1-40FB3C65BDCC}</UniqueIdentifier>
    </Filter>
  </ItemGroup>
  <ItemGroup>
    <ResourceCompile Include="UnicornHax.rc" />
  </ItemGroup>
  <ItemGroup>
    <Image Include="favicon.ico" />
  </ItemGroup>
  <ItemGroup>
    <Text Include="Discord SDK\src\CMakeLists.txt">
      <Filter>Discord SDK</Filter>
    </Text>
  </ItemGroup>
  <ItemGroup>
    <None Include="Discord SDK\src\discord_register_osx.m">
      <Filter>Discord SDK</Filter>
    </None>
    <None Include="Discord SDK\src\out\build\x64-Debug\.cmake\api\v1\query\client-MicrosoftVS\query.json">
      <Filter>Discord SDK</Filter>
    </None>
  </ItemGroup>
</Project>